// !$*UTF8*$!
{
	archiveVersion = 1;
	classes = {
	};
	objectVersion = 50;
	objects = {

/* Begin PBXBuildFile section */
		744E030D21CD3E9D00EF0B86 /* AppDelegate.swift in Sources */ = {isa = PBXBuildFile; fileRef = 744E030C21CD3E9D00EF0B86 /* AppDelegate.swift */; };
		744E030F21CD3E9D00EF0B86 /* ViewController.swift in Sources */ = {isa = PBXBuildFile; fileRef = 744E030E21CD3E9D00EF0B86 /* ViewController.swift */; };
		744E031221CD3E9D00EF0B86 /* Main.storyboard in Resources */ = {isa = PBXBuildFile; fileRef = 744E031021CD3E9D00EF0B86 /* Main.storyboard */; };
		744E031421CD3E9F00EF0B86 /* Assets.xcassets in Resources */ = {isa = PBXBuildFile; fileRef = 744E031321CD3E9F00EF0B86 /* Assets.xcassets */; };
		744E031721CD3E9F00EF0B86 /* LaunchScreen.storyboard in Resources */ = {isa = PBXBuildFile; fileRef = 744E031521CD3E9F00EF0B86 /* LaunchScreen.storyboard */; };
		744E032221CD3E9F00EF0B86 /* MobileNOCChallengeTests.swift in Sources */ = {isa = PBXBuildFile; fileRef = 744E032121CD3E9F00EF0B86 /* MobileNOCChallengeTests.swift */; };
/* End PBXBuildFile section */

/* Begin PBXContainerItemProxy section */
		744E031E21CD3E9F00EF0B86 /* PBXContainerItemProxy */ = {
			isa = PBXContainerItemProxy;
			containerPortal = 744E030121CD3E9D00EF0B86 /* Project object */;
			proxyType = 1;
			remoteGlobalIDString = 744E030821CD3E9D00EF0B86;
			remoteInfo = MobileNOCChallenge;
		};
/* End PBXContainerItemProxy section */

/* Begin PBXFileReference section */
		744E030921CD3E9D00EF0B86 /* MobileNOCChallenge.app */ = {isa = PBXFileReference; explicitFileType = wrapper.application; includeInIndex = 0; path = MobileNOCChallenge.app; sourceTree = BUILT_PRODUCTS_DIR; };
		744E030C21CD3E9D00EF0B86 /* AppDelegate.swift */ = {isa = PBXFileReference; lastKnownFileType = sourcecode.swift; path = AppDelegate.swift; sourceTree = "<group>"; };
		744E030E21CD3E9D00EF0B86 /* ViewController.swift */ = {isa = PBXFileReference; lastKnownFileType = sourcecode.swift; path = ViewController.swift; sourceTree = "<group>"; };
		744E031121CD3E9D00EF0B86 /* Base */ = {isa = PBXFileReference; lastKnownFileType = file.storyboard; name = Base; path = Base.lproj/Main.storyboard; sourceTree = "<group>"; };
		744E031321CD3E9F00EF0B86 /* Assets.xcassets */ = {isa = PBXFileReference; lastKnownFileType = folder.assetcatalog; path = Assets.xcassets; sourceTree = "<group>"; };
		744E031621CD3E9F00EF0B86 /* Base */ = {isa = PBXFileReference; lastKnownFileType = file.storyboard; name = Base; path = Base.lproj/LaunchScreen.storyboard; sourceTree = "<group>"; };
		744E031821CD3E9F00EF0B86 /* Info.plist */ = {isa = PBXFileReference; lastKnownFileType = text.plist.xml; path = Info.plist; sourceTree = "<group>"; };
		744E031D21CD3E9F00EF0B86 /* MobileNOCChallengeTests.xctest */ = {isa = PBXFileReference; explicitFileType = wrapper.cfbundle; includeInIndex = 0; path = MobileNOCChallengeTests.xctest; sourceTree = BUILT_PRODUCTS_DIR; };
		744E032121CD3E9F00EF0B86 /* MobileNOCChallengeTests.swift */ = {isa = PBXFileReference; lastKnownFileType = sourcecode.swift; path = MobileNOCChallengeTests.swift; sourceTree = "<group>"; };
		744E032321CD3E9F00EF0B86 /* Info.plist */ = {isa = PBXFileReference; lastKnownFileType = text.plist.xml; path = Info.plist; sourceTree = "<group>"; };
/* End PBXFileReference section */

/* Begin PBXFrameworksBuildPhase section */
		744E030621CD3E9D00EF0B86 /* Frameworks */ = {
			isa = PBXFrameworksBuildPhase;
			buildActionMask = 2147483647;
			files = (
			);
			runOnlyForDeploymentPostprocessing = 0;
		};
		744E031A21CD3E9F00EF0B86 /* Frameworks */ = {
			isa = PBXFrameworksBuildPhase;
			buildActionMask = 2147483647;
			files = (
			);
			runOnlyForDeploymentPostprocessing = 0;
		};
/* End PBXFrameworksBuildPhase section */

/* Begin PBXGroup section */
		744E030021CD3E9D00EF0B86 = {
			isa = PBXGroup;
			children = (
				744E030B21CD3E9D00EF0B86 /* MobileNOCChallenge */,
				744E032021CD3E9F00EF0B86 /* MobileNOCChallengeTests */,
				744E030A21CD3E9D00EF0B86 /* Products */,
			);
			sourceTree = "<group>";
		};
		744E030A21CD3E9D00EF0B86 /* Products */ = {
			isa = PBXGroup;
			children = (
				744E030921CD3E9D00EF0B86 /* MobileNOCChallenge.app */,
				744E031D21CD3E9F00EF0B86 /* MobileNOCChallengeTests.xctest */,
			);
			name = Products;
			sourceTree = "<group>";
		};
		744E030B21CD3E9D00EF0B86 /* MobileNOCChallenge */ = {
			isa = PBXGroup;
			children = (
				744E030C21CD3E9D00EF0B86 /* AppDelegate.swift */,
				744E030E21CD3E9D00EF0B86 /* ViewController.swift */,
				744E031021CD3E9D00EF0B86 /* Main.storyboard */,
				744E031321CD3E9F00EF0B86 /* Assets.xcassets */,
				744E031521CD3E9F00EF0B86 /* LaunchScreen.storyboard */,
				744E031821CD3E9F00EF0B86 /* Info.plist */,
			);
			path = MobileNOCChallenge;
			sourceTree = "<group>";
		};
		744E032021CD3E9F00EF0B86 /* MobileNOCChallengeTests */ = {
			isa = PBXGroup;
			children = (
				744E032121CD3E9F00EF0B86 /* MobileNOCChallengeTests.swift */,
				744E032321CD3E9F00EF0B86 /* Info.plist */,
			);
			path = MobileNOCChallengeTests;
			sourceTree = "<group>";
		};
/* End PBXGroup section */

/* Begin PBXNativeTarget section */
		744E030821CD3E9D00EF0B86 /* MobileNOCChallenge */ = {
			isa = PBXNativeTarget;
			buildConfigurationList = 744E032621CD3E9F00EF0B86 /* Build configuration list for PBXNativeTarget "MobileNOCChallenge" */;
			buildPhases = (
				744E030521CD3E9D00EF0B86 /* Sources */,
				744E030621CD3E9D00EF0B86 /* Frameworks */,
				744E030721CD3E9D00EF0B86 /* Resources */,
			);
			buildRules = (
			);
			dependencies = (
			);
			name = MobileNOCChallenge;
			productName = MobileNOCChallenge;
			productReference = 744E030921CD3E9D00EF0B86 /* MobileNOCChallenge.app */;
			productType = "com.apple.product-type.application";
		};
		744E031C21CD3E9F00EF0B86 /* MobileNOCChallengeTests */ = {
			isa = PBXNativeTarget;
			buildConfigurationList = 744E032921CD3E9F00EF0B86 /* Build configuration list for PBXNativeTarget "MobileNOCChallengeTests" */;
			buildPhases = (
				744E031921CD3E9F00EF0B86 /* Sources */,
				744E031A21CD3E9F00EF0B86 /* Frameworks */,
				744E031B21CD3E9F00EF0B86 /* Resources */,
			);
			buildRules = (
			);
			dependencies = (
				744E031F21CD3E9F00EF0B86 /* PBXTargetDependency */,
			);
			name = MobileNOCChallengeTests;
			productName = MobileNOCChallengeTests;
			productReference = 744E031D21CD3E9F00EF0B86 /* MobileNOCChallengeTests.xctest */;
			productType = "com.apple.product-type.bundle.unit-test";
		};
/* End PBXNativeTarget section */

/* Begin PBXProject section */
		744E030121CD3E9D00EF0B86 /* Project object */ = {
			isa = PBXProject;
			attributes = {
				LastSwiftUpdateCheck = 1000;
				LastUpgradeCheck = 1000;
				ORGANIZATIONNAME = "Omar Samir";
				TargetAttributes = {
					744E030821CD3E9D00EF0B86 = {
						CreatedOnToolsVersion = 10.0;
					};
					744E031C21CD3E9F00EF0B86 = {
						CreatedOnToolsVersion = 10.0;
						TestTargetID = 744E030821CD3E9D00EF0B86;
					};
				};
			};
			buildConfigurationList = 744E030421CD3E9D00EF0B86 /* Build configuration list for PBXProject "MobileNOCChallenge" */;
			compatibilityVersion = "Xcode 9.3";
			developmentRegion = en;
			hasScannedForEncodings = 0;
			knownRegions = (
				en,
				Base,
			);
			mainGroup = 744E030021CD3E9D00EF0B86;
			productRefGroup = 744E030A21CD3E9D00EF0B86 /* Products */;
			projectDirPath = "";
			projectRoot = "";
			targets = (
				744E030821CD3E9D00EF0B86 /* MobileNOCChallenge */,
				744E031C21CD3E9F00EF0B86 /* MobileNOCChallengeTests */,
			);
		};
/* End PBXProject section */

/* Begin PBXResourcesBuildPhase section */
		744E030721CD3E9D00EF0B86 /* Resources */ = {
			isa = PBXResourcesBuildPhase;
			buildActionMask = 2147483647;
			files = (
				744E031721CD3E9F00EF0B86 /* LaunchScreen.storyboard in Resources */,
				744E031421CD3E9F00EF0B86 /* Assets.xcassets in Resources */,
				744E031221CD3E9D00EF0B86 /* Main.storyboard in Resources */,
			);
			runOnlyForDeploymentPostprocessing = 0;
		};
		744E031B21CD3E9F00EF0B86 /* Resources */ = {
			isa = PBXResourcesBuildPhase;
			buildActionMask = 2147483647;
			files = (
			);
			runOnlyForDeploymentPostprocessing = 0;
		};
/* End PBXResourcesBuildPhase section */

/* Begin PBXSourcesBuildPhase section */
		744E030521CD3E9D00EF0B86 /* Sources */ = {
			isa = PBXSourcesBuildPhase;
			buildActionMask = 2147483647;
			files = (
				744E030F21CD3E9D00EF0B86 /* ViewController.swift in Sources */,
				744E030D21CD3E9D00EF0B86 /* AppDelegate.swift in Sources */,
			);
			runOnlyForDeploymentPostprocessing = 0;
		};
		744E031921CD3E9F00EF0B86 /* Sources */ = {
			isa = PBXSourcesBuildPhase;
			buildActionMask = 2147483647;
			files = (
				744E032221CD3E9F00EF0B86 /* MobileNOCChallengeTests.swift in Sources */,
			);
			runOnlyForDeploymentPostprocessing = 0;
		};
/* End PBXSourcesBuildPhase section */

/* Begin PBXTargetDependency section */
		744E031F21CD3E9F00EF0B86 /* PBXTargetDependency */ = {
			isa = PBXTargetDependency;
			target = 744E030821CD3E9D00EF0B86 /* MobileNOCChallenge */;
			targetProxy = 744E031E21CD3E9F00EF0B86 /* PBXContainerItemProxy */;
		};
/* End PBXTargetDependency section */

/* Begin PBXVariantGroup section */
		744E031021CD3E9D00EF0B86 /* Main.storyboard */ = {
			isa = PBXVariantGroup;
			children = (
				744E031121CD3E9D00EF0B86 /* Base */,
			);
			name = Main.storyboard;
			sourceTree = "<group>";
		};
		744E031521CD3E9F00EF0B86 /* LaunchScreen.storyboard */ = {
			isa = PBXVariantGroup;
			children = (
				744E031621CD3E9F00EF0B86 /* Base */,
			);
			name = LaunchScreen.storyboard;
			sourceTree = "<group>";
		};
/* End PBXVariantGroup section */

/* Begin XCBuildConfiguration section */
		744E032421CD3E9F00EF0B86 /* Debug */ = {
			isa = XCBuildConfiguration;
			buildSettings = {
				ALWAYS_SEARCH_USER_PATHS = NO;
				CLANG_ANALYZER_NONNULL = YES;
				CLANG_ANALYZER_NUMBER_OBJECT_CONVERSION = YES_AGGRESSIVE;
				CLANG_CXX_LANGUAGE_STANDARD = "gnu++14";
				CLANG_CXX_LIBRARY = "libc++";
				CLANG_ENABLE_MODULES = YES;
				CLANG_ENABLE_OBJC_ARC = YES;
				CLANG_ENABLE_OBJC_WEAK = YES;
				CLANG_WARN_BLOCK_CAPTURE_AUTORELEASING = YES;
				CLANG_WARN_BOOL_CONVERSION = YES;
				CLANG_WARN_COMMA = YES;
				CLANG_WARN_CONSTANT_CONVERSION = YES;
				CLANG_WARN_DEPRECATED_OBJC_IMPLEMENTATIONS = YES;
				CLANG_WARN_DIRECT_OBJC_ISA_USAGE = YES_ERROR;
				CLANG_WARN_DOCUMENTATION_COMMENTS = YES;
				CLANG_WARN_EMPTY_BODY = YES;
				CLANG_WARN_ENUM_CONVERSION = YES;
				CLANG_WARN_INFINITE_RECURSION = YES;
				CLANG_WARN_INT_CONVERSION = YES;
				CLANG_WARN_NON_LITERAL_NULL_CONVERSION = YES;
				CLANG_WARN_OBJC_IMPLICIT_RETAIN_SELF = YES;
				CLANG_WARN_OBJC_LITERAL_CONVERSION = YES;
				CLANG_WARN_OBJC_ROOT_CLASS = YES_ERROR;
				CLANG_WARN_RANGE_LOOP_ANALYSIS = YES;
				CLANG_WARN_STRICT_PROTOTYPES = YES;
				CLANG_WARN_SUSPICIOUS_MOVE = YES;
				CLANG_WARN_UNGUARDED_AVAILABILITY = YES_AGGRESSIVE;
				CLANG_WARN_UNREACHABLE_CODE = YES;
				CLANG_WARN__DUPLICATE_METHOD_MATCH = YES;
				CODE_SIGN_IDENTITY = "iPhone Developer";
				COPY_PHASE_STRIP = NO;
				DEBUG_INFORMATION_FORMAT = dwarf;
				ENABLE_STRICT_OBJC_MSGSEND = YES;
				ENABLE_TESTABILITY = YES;
				GCC_C_LANGUAGE_STANDARD = gnu11;
				GCC_DYNAMIC_NO_PIC = NO;
				GCC_NO_COMMON_BLOCKS = YES;
				GCC_OPTIMIZATION_LEVEL = 0;
				GCC_PREPROCESSOR_DEFINITIONS = (
					"DEBUG=1",
					"$(inherited)",
				);
				GCC_WARN_64_TO_32_BIT_CONVERSION = YES;
				GCC_WARN_ABOUT_RETURN_TYPE = YES_ERROR;
				GCC_WARN_UNDECLARED_SELECTOR = YES;
				GCC_WARN_UNINITIALIZED_AUTOS = YES_AGGRESSIVE;
				GCC_WARN_UNUSED_FUNCTION = YES;
				GCC_WARN_UNUSED_VARIABLE = YES;
				IPHONEOS_DEPLOYMENT_TARGET = 12.0;
				MTL_ENABLE_DEBUG_INFO = INCLUDE_SOURCE;
				MTL_FAST_MATH = YES;
				ONLY_ACTIVE_ARCH = YES;
				SDKROOT = iphoneos;
				SWIFT_ACTIVE_COMPILATION_CONDITIONS = DEBUG;
				SWIFT_OPTIMIZATION_LEVEL = "-Onone";
			};
			name = Debug;
		};
		744E032521CD3E9F00EF0B86 /* Release */ = {
			isa = XCBuildConfiguration;
			buildSettings = {
				ALWAYS_SEARCH_USER_PATHS = NO;
				CLANG_ANALYZER_NONNULL = YES;
				CLANG_ANALYZER_NUMBER_OBJECT_CONVERSION = YES_AGGRESSIVE;
				CLANG_CXX_LANGUAGE_STANDARD = "gnu++14";
				CLANG_CXX_LIBRARY = "libc++";
				CLANG_ENABLE_MODULES = YES;
				CLANG_ENABLE_OBJC_ARC = YES;
				CLANG_ENABLE_OBJC_WEAK = YES;
				CLANG_WARN_BLOCK_CAPTURE_AUTORELEASING = YES;
				CLANG_WARN_BOOL_CONVERSION = YES;
				CLANG_WARN_COMMA = YES;
				CLANG_WARN_CONSTANT_CONVERSION = YES;
				CLANG_WARN_DEPRECATED_OBJC_IMPLEMENTATIONS = YES;
				CLANG_WARN_DIRECT_OBJC_ISA_USAGE = YES_ERROR;
				CLANG_WARN_DOCUMENTATION_COMMENTS = YES;
				CLANG_WARN_EMPTY_BODY = YES;
				CLANG_WARN_ENUM_CONVERSION = YES;
				CLANG_WARN_INFINITE_RECURSION = YES;
				CLANG_WARN_INT_CONVERSION = YES;
				CLANG_WARN_NON_LITERAL_NULL_CONVERSION = YES;
				CLANG_WARN_OBJC_IMPLICIT_RETAIN_SELF = YES;
				CLANG_WARN_OBJC_LITERAL_CONVERSION = YES;
				CLANG_WARN_OBJC_ROOT_CLASS = YES_ERROR;
				CLANG_WARN_RANGE_LOOP_ANALYSIS = YES;
				CLANG_WARN_STRICT_PROTOTYPES = YES;
				CLANG_WARN_SUSPICIOUS_MOVE = YES;
				CLANG_WARN_UNGUARDED_AVAILABILITY = YES_AGGRESSIVE;
				CLANG_WARN_UNREACHABLE_CODE = YES;
				CLANG_WARN__DUPLICATE_METHOD_MATCH = YES;
				CODE_SIGN_IDENTITY = "iPhone Developer";
				COPY_PHASE_STRIP = NO;
				DEBUG_INFORMATION_FORMAT = "dwarf-with-dsym";
				ENABLE_NS_ASSERTIONS = NO;
				ENABLE_STRICT_OBJC_MSGSEND = YES;
				GCC_C_LANGUAGE_STANDARD = gnu11;
				GCC_NO_COMMON_BLOCKS = YES;
				GCC_WARN_64_TO_32_BIT_CONVERSION = YES;
				GCC_WARN_ABOUT_RETURN_TYPE = YES_ERROR;
				GCC_WARN_UNDECLARED_SELECTOR = YES;
				GCC_WARN_UNINITIALIZED_AUTOS = YES_AGGRESSIVE;
				GCC_WARN_UNUSED_FUNCTION = YES;
				GCC_WARN_UNUSED_VARIABLE = YES;
				IPHONEOS_DEPLOYMENT_TARGET = 12.0;
				MTL_ENABLE_DEBUG_INFO = NO;
				MTL_FAST_MATH = YES;
				SDKROOT = iphoneos;
				SWIFT_COMPILATION_MODE = wholemodule;
				SWIFT_OPTIMIZATION_LEVEL = "-O";
				VALIDATE_PRODUCT = YES;
			};
			name = Release;
		};
		744E032721CD3E9F00EF0B86 /* Debug */ = {
			isa = XCBuildConfiguration;
			buildSettings = {
				ASSETCATALOG_COMPILER_APPICON_NAME = AppIcon;
				CODE_SIGN_STYLE = Automatic;
				INFOPLIST_FILE = MobileNOCChallenge/Info.plist;
				LD_RUNPATH_SEARCH_PATHS = (
					"$(inherited)",
					"@executable_path/Frameworks",
				);
				PRODUCT_BUNDLE_IDENTIFIER = omar.MobileNOCChallenge;
				PRODUCT_NAME = "$(TARGET_NAME)";
				SWIFT_VERSION = 4.2;
				TARGETED_DEVICE_FAMILY = "1,2";
			};
			name = Debug;
		};
		744E032821CD3E9F00EF0B86 /* Release */ = {
			isa = XCBuildConfiguration;
			buildSettings = {
				ASSETCATALOG_COMPILER_APPICON_NAME = AppIcon;
				CODE_SIGN_STYLE = Automatic;
				INFOPLIST_FILE = MobileNOCChallenge/Info.plist;
				LD_RUNPATH_SEARCH_PATHS = (
					"$(inherited)",
					"@executable_path/Frameworks",
				);
				PRODUCT_BUNDLE_IDENTIFIER = omar.MobileNOCChallenge;
				PRODUCT_NAME = "$(TARGET_NAME)";
				SWIFT_VERSION = 4.2;
				TARGETED_DEVICE_FAMILY = "1,2";
			};
			name = Release;
		};
		744E032A21CD3E9F00EF0B86 /* Debug */ = {
			isa = XCBuildConfiguration;
			buildSettings = {
				ALWAYS_EMBED_SWIFT_STANDARD_LIBRARIES = YES;
				BUNDLE_LOADER = "$(TEST_HOST)";
				CODE_SIGN_STYLE = Automatic;
				INFOPLIST_FILE = MobileNOCChallengeTests/Info.plist;
				LD_RUNPATH_SEARCH_PATHS = (
					"$(inherited)",
					"@executable_path/Frameworks",
					"@loader_path/Frameworks",
				);
				PRODUCT_BUNDLE_IDENTIFIER = omar.MobileNOCChallengeTests;
				PRODUCT_NAME = "$(TARGET_NAME)";
				SWIFT_VERSION = 4.2;
				TARGETED_DEVICE_FAMILY = "1,2";
				TEST_HOST = "$(BUILT_PRODUCTS_DIR)/MobileNOCChallenge.app/MobileNOCChallenge";
			};
			name = Debug;
		};
		744E032B21CD3E9F00EF0B86 /* Release */ = {
			isa = XCBuildConfiguration;
			buildSettings = {
				ALWAYS_EMBED_SWIFT_STANDARD_LIBRARIES = YES;
				BUNDLE_LOADER = "$(TEST_HOST)";
				CODE_SIGN_STYLE = Automatic;
				INFOPLIST_FILE = MobileNOCChallengeTests/Info.plist;
				LD_RUNPATH_SEARCH_PATHS = (
					"$(inherited)",
					"@executable_path/Frameworks",
					"@loader_path/Frameworks",
				);
				PRODUCT_BUNDLE_IDENTIFIER = omar.MobileNOCChallengeTests;
				PRODUCT_NAME = "$(TARGET_NAME)";
				SWIFT_VERSION = 4.2;
				TARGETED_DEVICE_FAMILY = "1,2";
				TEST_HOST = "$(BUILT_PRODUCTS_DIR)/MobileNOCChallenge.app/MobileNOCChallenge";
			};
			name = Release;
		};
/* End XCBuildConfiguration section */

/* Begin XCConfigurationList section */
		744E030421CD3E9D00EF0B86 /* Build configuration list for PBXProject "MobileNOCChallenge" */ = {
			isa = XCConfigurationList;
			buildConfigurations = (
				744E032421CD3E9F00EF0B86 /* Debug */,
				744E032521CD3E9F00EF0B86 /* Release */,
			);
			defaultConfigurationIsVisible = 0;
			defaultConfigurationName = Release;
		};
		744E032621CD3E9F00EF0B86 /* Build configuration list for PBXNativeTarget "MobileNOCChallenge" */ = {
			isa = XCConfigurationList;
			buildConfigurations = (
				744E032721CD3E9F00EF0B86 /* Debug */,
				744E032821CD3E9F00EF0B86 /* Release */,
			);
			defaultConfigurationIsVisible = 0;
			defaultConfigurationName = Release;
		};
		744E032921CD3E9F00EF0B86 /* Build configuration list for PBXNativeTarget "MobileNOCChallengeTests" */ = {
			isa = XCConfigurationList;
			buildConfigurations = (
				744E032A21CD3E9F00EF0B86 /* Debug */,
				744E032B21CD3E9F00EF0B86 /* Release */,
			);
			defaultConfigurationIsVisible = 0;
			defaultConfigurationName = Release;
		};
/* End XCConfigurationList section */
	};
	rootObject = 744E030121CD3E9D00EF0B86 /* Project object */;
}
